// !$*UTF8*$!
{
	archiveVersion = 1;
	classes = {
	};
	objectVersion = 46;
	objects = {

/* Begin PBXBuildFile section */
		3123DC7B1B4AB42600AB8F4B /* AppDelegate.swift in Sources */ = {isa = PBXBuildFile; fileRef = 3123DC7A1B4AB42600AB8F4B /* AppDelegate.swift */; };
		3123DC7D1B4AB42600AB8F4B /* ViewController.swift in Sources */ = {isa = PBXBuildFile; fileRef = 3123DC7C1B4AB42600AB8F4B /* ViewController.swift */; };
		3123DC801B4AB42600AB8F4B /* Main.storyboard in Resources */ = {isa = PBXBuildFile; fileRef = 3123DC7E1B4AB42600AB8F4B /* Main.storyboard */; };
		3123DC821B4AB42600AB8F4B /* Images.xcassets in Resources */ = {isa = PBXBuildFile; fileRef = 3123DC811B4AB42600AB8F4B /* Images.xcassets */; };
		3123DC851B4AB42600AB8F4B /* LaunchScreen.xib in Resources */ = {isa = PBXBuildFile; fileRef = 3123DC831B4AB42600AB8F4B /* LaunchScreen.xib */; };
		3123DC911B4AB42600AB8F4B /* PsychicTestCardsTests.swift in Sources */ = {isa = PBXBuildFile; fileRef = 3123DC901B4AB42600AB8F4B /* PsychicTestCardsTests.swift */; };
/* End PBXBuildFile section */

/* Begin PBXContainerItemProxy section */
		3123DC8B1B4AB42600AB8F4B /* PBXContainerItemProxy */ = {
			isa = PBXContainerItemProxy;
			containerPortal = 3123DC6D1B4AB42600AB8F4B /* Project object */;
			proxyType = 1;
			remoteGlobalIDString = 3123DC741B4AB42600AB8F4B;
			remoteInfo = PsychicTestCards;
		};
/* End PBXContainerItemProxy section */

/* Begin PBXFileReference section */
		3123DC751B4AB42600AB8F4B /* PsychicTestCards.app */ = {isa = PBXFileReference; explicitFileType = wrapper.application; includeInIndex = 0; path = PsychicTestCards.app; sourceTree = BUILT_PRODUCTS_DIR; };
		3123DC791B4AB42600AB8F4B /* Info.plist */ = {isa = PBXFileReference; lastKnownFileType = text.plist.xml; path = Info.plist; sourceTree = "<group>"; };
		3123DC7A1B4AB42600AB8F4B /* AppDelegate.swift */ = {isa = PBXFileReference; lastKnownFileType = sourcecode.swift; path = AppDelegate.swift; sourceTree = "<group>"; };
		3123DC7C1B4AB42600AB8F4B /* ViewController.swift */ = {isa = PBXFileReference; lastKnownFileType = sourcecode.swift; path = ViewController.swift; sourceTree = "<group>"; };
		3123DC7F1B4AB42600AB8F4B /* Base */ = {isa = PBXFileReference; lastKnownFileType = file.storyboard; name = Base; path = Base.lproj/Main.storyboard; sourceTree = "<group>"; };
		3123DC811B4AB42600AB8F4B /* Images.xcassets */ = {isa = PBXFileReference; lastKnownFileType = folder.assetcatalog; path = Images.xcassets; sourceTree = "<group>"; };
		3123DC841B4AB42600AB8F4B /* Base */ = {isa = PBXFileReference; lastKnownFileType = file.xib; name = Base; path = Base.lproj/LaunchScreen.xib; sourceTree = "<group>"; };
		3123DC8A1B4AB42600AB8F4B /* PsychicTestCardsTests.xctest */ = {isa = PBXFileReference; explicitFileType = wrapper.cfbundle; includeInIndex = 0; path = PsychicTestCardsTests.xctest; sourceTree = BUILT_PRODUCTS_DIR; };
		3123DC8F1B4AB42600AB8F4B /* Info.plist */ = {isa = PBXFileReference; lastKnownFileType = text.plist.xml; path = Info.plist; sourceTree = "<group>"; };
		3123DC901B4AB42600AB8F4B /* PsychicTestCardsTests.swift */ = {isa = PBXFileReference; lastKnownFileType = sourcecode.swift; path = PsychicTestCardsTests.swift; sourceTree = "<group>"; };
/* End PBXFileReference section */

/* Begin PBXFrameworksBuildPhase section */
		3123DC721B4AB42600AB8F4B /* Frameworks */ = {
			isa = PBXFrameworksBuildPhase;
			buildActionMask = 2147483647;
			files = (
			);
			runOnlyForDeploymentPostprocessing = 0;
		};
		3123DC871B4AB42600AB8F4B /* Frameworks */ = {
			isa = PBXFrameworksBuildPhase;
			buildActionMask = 2147483647;
			files = (
			);
			runOnlyForDeploymentPostprocessing = 0;
		};
/* End PBXFrameworksBuildPhase section */

/* Begin PBXGroup section */
		3123DC6C1B4AB42600AB8F4B = {
			isa = PBXGroup;
			children = (
				3123DC771B4AB42600AB8F4B /* PsychicTestCards */,
				3123DC8D1B4AB42600AB8F4B /* PsychicTestCardsTests */,
				3123DC761B4AB42600AB8F4B /* Products */,
			);
			sourceTree = "<group>";
		};
		3123DC761B4AB42600AB8F4B /* Products */ = {
			isa = PBXGroup;
			children = (
				3123DC751B4AB42600AB8F4B /* PsychicTestCards.app */,
				3123DC8A1B4AB42600AB8F4B /* PsychicTestCardsTests.xctest */,
			);
			name = Products;
			sourceTree = "<group>";
		};
		3123DC771B4AB42600AB8F4B /* PsychicTestCards */ = {
			isa = PBXGroup;
			children = (
				3123DC7A1B4AB42600AB8F4B /* AppDelegate.swift */,
				3123DC7C1B4AB42600AB8F4B /* ViewController.swift */,
				3123DC7E1B4AB42600AB8F4B /* Main.storyboard */,
				3123DC811B4AB42600AB8F4B /* Images.xcassets */,
				3123DC831B4AB42600AB8F4B /* LaunchScreen.xib */,
				3123DC781B4AB42600AB8F4B /* Supporting Files */,
			);
			path = PsychicTestCards;
			sourceTree = "<group>";
		};
		3123DC781B4AB42600AB8F4B /* Supporting Files */ = {
			isa = PBXGroup;
			children = (
				3123DC791B4AB42600AB8F4B /* Info.plist */,
			);
			name = "Supporting Files";
			sourceTree = "<group>";
		};
		3123DC8D1B4AB42600AB8F4B /* PsychicTestCardsTests */ = {
			isa = PBXGroup;
			children = (
				3123DC901B4AB42600AB8F4B /* PsychicTestCardsTests.swift */,
				3123DC8E1B4AB42600AB8F4B /* Supporting Files */,
			);
			path = PsychicTestCardsTests;
			sourceTree = "<group>";
		};
		3123DC8E1B4AB42600AB8F4B /* Supporting Files */ = {
			isa = PBXGroup;
			children = (
				3123DC8F1B4AB42600AB8F4B /* Info.plist */,
			);
			name = "Supporting Files";
			sourceTree = "<group>";
		};
/* End PBXGroup section */

/* Begin PBXNativeTarget section */
		3123DC741B4AB42600AB8F4B /* PsychicTestCards */ = {
			isa = PBXNativeTarget;
			buildConfigurationList = 3123DC941B4AB42600AB8F4B /* Build configuration list for PBXNativeTarget "PsychicTestCards" */;
			buildPhases = (
				3123DC711B4AB42600AB8F4B /* Sources */,
				3123DC721B4AB42600AB8F4B /* Frameworks */,
				3123DC731B4AB42600AB8F4B /* Resources */,
			);
			buildRules = (
			);
			dependencies = (
			);
			name = PsychicTestCards;
			productName = PsychicTestCards;
			productReference = 3123DC751B4AB42600AB8F4B /* PsychicTestCards.app */;
			productType = "com.apple.product-type.application";
		};
		3123DC891B4AB42600AB8F4B /* PsychicTestCardsTests */ = {
			isa = PBXNativeTarget;
			buildConfigurationList = 3123DC971B4AB42600AB8F4B /* Build configuration list for PBXNativeTarget "PsychicTestCardsTests" */;
			buildPhases = (
				3123DC861B4AB42600AB8F4B /* Sources */,
				3123DC871B4AB42600AB8F4B /* Frameworks */,
				3123DC881B4AB42600AB8F4B /* Resources */,
			);
			buildRules = (
			);
			dependencies = (
				3123DC8C1B4AB42600AB8F4B /* PBXTargetDependency */,
			);
			name = PsychicTestCardsTests;
			productName = PsychicTestCardsTests;
			productReference = 3123DC8A1B4AB42600AB8F4B /* PsychicTestCardsTests.xctest */;
			productType = "com.apple.product-type.bundle.unit-test";
		};
/* End PBXNativeTarget section */

/* Begin PBXProject section */
		3123DC6D1B4AB42600AB8F4B /* Project object */ = {
			isa = PBXProject;
			attributes = {
				LastUpgradeCheck = 0630;
				ORGANIZATIONNAME = "Joseph Leon";
				TargetAttributes = {
					3123DC741B4AB42600AB8F4B = {
						CreatedOnToolsVersion = 6.3.2;
					};
					3123DC891B4AB42600AB8F4B = {
						CreatedOnToolsVersion = 6.3.2;
						TestTargetID = 3123DC741B4AB42600AB8F4B;
					};
				};
			};
			buildConfigurationList = 3123DC701B4AB42600AB8F4B /* Build configuration list for PBXProject "PsychicTestCards" */;
			compatibilityVersion = "Xcode 3.2";
			developmentRegion = English;
			hasScannedForEncodings = 0;
			knownRegions = (
				en,
				Base,
			);
			mainGroup = 3123DC6C1B4AB42600AB8F4B;
			productRefGroup = 3123DC761B4AB42600AB8F4B /* Products */;
			projectDirPath = "";
			projectRoot = "";
			targets = (
				3123DC741B4AB42600AB8F4B /* PsychicTestCards */,
				3123DC891B4AB42600AB8F4B /* PsychicTestCardsTests */,
			);
		};
/* End PBXProject section */

/* Begin PBXResourcesBuildPhase section */
		3123DC731B4AB42600AB8F4B /* Resources */ = {
			isa = PBXResourcesBuildPhase;
			buildActionMask = 2147483647;
			files = (
				3123DC801B4AB42600AB8F4B /* Main.storyboard in Resources */,
				3123DC851B4AB42600AB8F4B /* LaunchScreen.xib in Resources */,
				3123DC821B4AB42600AB8F4B /* Images.xcassets in Resources */,
			);
			runOnlyForDeploymentPostprocessing = 0;
		};
		3123DC881B4AB42600AB8F4B /* Resources */ = {
			isa = PBXResourcesBuildPhase;
			buildActionMask = 2147483647;
			files = (
			);
			runOnlyForDeploymentPostprocessing = 0;
		};
/* End PBXResourcesBuildPhase section */

/* Begin PBXSourcesBuildPhase section */
		3123DC711B4AB42600AB8F4B /* Sources */ = {
			isa = PBXSourcesBuildPhase;
			buildActionMask = 2147483647;
			files = (
				3123DC7D1B4AB42600AB8F4B /* ViewController.swift in Sources */,
				3123DC7B1B4AB42600AB8F4B /* AppDelegate.swift in Sources */,
			);
			runOnlyForDeploymentPostprocessing = 0;
		};
		3123DC861B4AB42600AB8F4B /* Sources */ = {
			isa = PBXSourcesBuildPhase;
			buildActionMask = 2147483647;
			files = (
				3123DC911B4AB42600AB8F4B /* PsychicTestCardsTests.swift in Sources */,
			);
			runOnlyForDeploymentPostprocessing = 0;
		};
/* End PBXSourcesBuildPhase section */

/* Begin PBXTargetDependency section */
		3123DC8C1B4AB42600AB8F4B /* PBXTargetDependency */ = {
			isa = PBXTargetDependency;
			target = 3123DC741B4AB42600AB8F4B /* PsychicTestCards */;
			targetProxy = 3123DC8B1B4AB42600AB8F4B /* PBXContainerItemProxy */;
		};
/* End PBXTargetDependency section */

/* Begin PBXVariantGroup section */
		3123DC7E1B4AB42600AB8F4B /* Main.storyboard */ = {
			isa = PBXVariantGroup;
			children = (
				3123DC7F1B4AB42600AB8F4B /* Base */,
			);
			name = Main.storyboard;
			sourceTree = "<group>";
		};
		3123DC831B4AB42600AB8F4B /* LaunchScreen.xib */ = {
			isa = PBXVariantGroup;
			children = (
				3123DC841B4AB42600AB8F4B /* Base */,
			);
			name = LaunchScreen.xib;
			sourceTree = "<group>";
		};
/* End PBXVariantGroup section */

/* Begin XCBuildConfiguration section */
		3123DC921B4AB42600AB8F4B /* Debug */ = {
			isa = XCBuildConfiguration;
			buildSettings = {
				ALWAYS_SEARCH_USER_PATHS = NO;
				CLANG_CXX_LANGUAGE_STANDARD = "gnu++0x";
				CLANG_CXX_LIBRARY = "libc++";
				CLANG_ENABLE_MODULES = YES;
				CLANG_ENABLE_OBJC_ARC = YES;
				CLANG_WARN_BOOL_CONVERSION = YES;
				CLANG_WARN_CONSTANT_CONVERSION = YES;
				CLANG_WARN_DIRECT_OBJC_ISA_USAGE = YES_ERROR;
				CLANG_WARN_EMPTY_BODY = YES;
				CLANG_WARN_ENUM_CONVERSION = YES;
				CLANG_WARN_INT_CONVERSION = YES;
				CLANG_WARN_OBJC_ROOT_CLASS = YES_ERROR;
				CLANG_WARN_UNREACHABLE_CODE = YES;
				CLANG_WARN__DUPLICATE_METHOD_MATCH = YES;
				"CODE_SIGN_IDENTITY[sdk=iphoneos*]" = "iPhone Developer";
				COPY_PHASE_STRIP = NO;
				DEBUG_INFORMATION_FORMAT = "dwarf-with-dsym";
				ENABLE_STRICT_OBJC_MSGSEND = YES;
				GCC_C_LANGUAGE_STANDARD = gnu99;
				GCC_DYNAMIC_NO_PIC = NO;
				GCC_NO_COMMON_BLOCKS = YES;
				GCC_OPTIMIZATION_LEVEL = 0;
				GCC_PREPROCESSOR_DEFINITIONS = (
					"DEBUG=1",
					"$(inherited)",
				);
				GCC_SYMBOLS_PRIVATE_EXTERN = NO;
				GCC_WARN_64_TO_32_BIT_CONVERSION = YES;
				GCC_WARN_ABOUT_RETURN_TYPE = YES_ERROR;
				GCC_WARN_UNDECLARED_SELECTOR = YES;
				GCC_WARN_UNINITIALIZED_AUTOS = YES_AGGRESSIVE;
				GCC_WARN_UNUSED_FUNCTION = YES;
				GCC_WARN_UNUSED_VARIABLE = YES;
				IPHONEOS_DEPLOYMENT_TARGET = 8.3;
				MTL_ENABLE_DEBUG_INFO = YES;
				ONLY_ACTIVE_ARCH = YES;
				SDKROOT = iphoneos;
				SWIFT_OPTIMIZATION_LEVEL = "-Onone";
			};
			name = Debug;
		};
		3123DC931B4AB42600AB8F4B /* Release */ = {
			isa = XCBuildConfiguration;
			buildSettings = {
				ALWAYS_SEARCH_USER_PATHS = NO;
				CLANG_CXX_LANGUAGE_STANDARD = "gnu++0x";
				CLANG_CXX_LIBRARY = "libc++";
				CLANG_ENABLE_MODULES = YES;
				CLANG_ENABLE_OBJC_ARC = YES;
				CLANG_WARN_BOOL_CONVERSION = YES;
				CLANG_WARN_CONSTANT_CONVERSION = YES;
				CLANG_WARN_DIRECT_OBJC_ISA_USAGE = YES_ERROR;
				CLANG_WARN_EMPTY_BODY = YES;
				CLANG_WARN_ENUM_CONVERSION = YES;
				CLANG_WARN_INT_CONVERSION = YES;
				CLANG_WARN_OBJC_ROOT_CLASS = YES_ERROR;
				CLANG_WARN_UNREACHABLE_CODE = YES;
				CLANG_WARN__DUPLICATE_METHOD_MATCH = YES;
				"CODE_SIGN_IDENTITY[sdk=iphoneos*]" = "iPhone Developer";
				COPY_PHASE_STRIP = NO;
				DEBUG_INFORMATION_FORMAT = "dwarf-with-dsym";
				ENABLE_NS_ASSERTIONS = NO;
				ENABLE_STRICT_OBJC_MSGSEND = YES;
				GCC_C_LANGUAGE_STANDARD = gnu99;
				GCC_NO_COMMON_BLOCKS = YES;
				GCC_WARN_64_TO_32_BIT_CONVERSION = YES;
				GCC_WARN_ABOUT_RETURN_TYPE = YES_ERROR;
				GCC_WARN_UNDECLARED_SELECTOR = YES;
				GCC_WARN_UNINITIALIZED_AUTOS = YES_AGGRESSIVE;
				GCC_WARN_UNUSED_FUNCTION = YES;
				GCC_WARN_UNUSED_VARIABLE = YES;
				IPHONEOS_DEPLOYMENT_TARGET = 8.3;
				MTL_ENABLE_DEBUG_INFO = NO;
				SDKROOT = iphoneos;
				VALIDATE_PRODUCT = YES;
			};
			name = Release;
		};
		3123DC951B4AB42600AB8F4B /* Debug */ = {
			isa = XCBuildConfiguration;
			buildSettings = {
				ASSETCATALOG_COMPILER_APPICON_NAME = AppIcon;
				INFOPLIST_FILE = PsychicTestCards/Info.plist;
				LD_RUNPATH_SEARCH_PATHS = "$(inherited) @executable_path/Frameworks";
				PRODUCT_NAME = "$(TARGET_NAME)";
			};
			name = Debug;
		};
		3123DC961B4AB42600AB8F4B /* Release */ = {
			isa = XCBuildConfiguration;
			buildSettings = {
				ASSETCATALOG_COMPILER_APPICON_NAME = AppIcon;
				INFOPLIST_FILE = PsychicTestCards/Info.plist;
				LD_RUNPATH_SEARCH_PATHS = "$(inherited) @executable_path/Frameworks";
				PRODUCT_NAME = "$(TARGET_NAME)";
			};
			name = Release;
		};
		3123DC981B4AB42600AB8F4B /* Debug */ = {
			isa = XCBuildConfiguration;
			buildSettings = {
				BUNDLE_LOADER = "$(TEST_HOST)";
				FRAMEWORK_SEARCH_PATHS = (
					"$(SDKROOT)/Developer/Library/Frameworks",
					"$(inherited)",
				);
				GCC_PREPROCESSOR_DEFINITIONS = (
					"DEBUG=1",
					"$(inherited)",
				);
				INFOPLIST_FILE = PsychicTestCardsTests/Info.plist;
				LD_RUNPATH_SEARCH_PATHS = "$(inherited) @executable_path/Frameworks @loader_path/Frameworks";
				PRODUCT_NAME = "$(TARGET_NAME)";
				TEST_HOST = "$(BUILT_PRODUCTS_DIR)/PsychicTestCards.app/PsychicTestCards";
			};
			name = Debug;
		};
		3123DC991B4AB42600AB8F4B /* Release */ = {
			isa = XCBuildConfiguration;
			buildSettings = {
				BUNDLE_LOADER = "$(TEST_HOST)";
				FRAMEWORK_SEARCH_PATHS = (
					"$(SDKROOT)/Developer/Library/Frameworks",
					"$(inherited)",
				);
				INFOPLIST_FILE = PsychicTestCardsTests/Info.plist;
				LD_RUNPATH_SEARCH_PATHS = "$(inherited) @executable_path/Frameworks @loader_path/Frameworks";
				PRODUCT_NAME = "$(TARGET_NAME)";
				TEST_HOST = "$(BUILT_PRODUCTS_DIR)/PsychicTestCards.app/PsychicTestCards";
			};
			name = Release;
		};
/* End XCBuildConfiguration section */

/* Begin XCConfigurationList section */
		3123DC701B4AB42600AB8F4B /* Build configuration list for PBXProject "PsychicTestCards" */ = {
			isa = XCConfigurationList;
			buildConfigurations = (
				3123DC921B4AB42600AB8F4B /* Debug */,
				3123DC931B4AB42600AB8F4B /* Release */,
			);
			defaultConfigurationIsVisible = 0;
			defaultConfigurationName = Release;
		};
		3123DC941B4AB42600AB8F4B /* Build configuration list for PBXNativeTarget "PsychicTestCards" */ = {
			isa = XCConfigurationList;
			buildConfigurations = (
				3123DC951B4AB42600AB8F4B /* Debug */,
				3123DC961B4AB42600AB8F4B /* Release */,
			);
			defaultConfigurationIsVisible = 0;
		};
		3123DC971B4AB42600AB8F4B /* Build configuration list for PBXNativeTarget "PsychicTestCardsTests" */ = {
			isa = XCConfigurationList;
			buildConfigurations = (
				3123DC981B4AB42600AB8F4B /* Debug */,
				3123DC991B4AB42600AB8F4B /* Release */,
			);
			defaultConfigurationIsVisible = 0;
		};
/* End XCConfigurationList section */
	};
	rootObject = 3123DC6D1B4AB42600AB8F4B /* Project object */;
}
